PODS:
  - Alamofire (4.0.1)
  - Fabric (1.6.9)
  - TwitterCore (2.5.0):
    - Fabric
  - TwitterKit (2.5.0):
    - TwitterCore (= 2.5.0)

DEPENDENCIES:
  - Alamofire (~> 4.0)
  - Fabric
  - TwitterCore
  - TwitterKit

SPEC CHECKSUMS:
  Alamofire: 7682d43245de14874acd142ec137b144aa1dd335
  Fabric: bc5bec42cef4bcf1ee3ce0e218fc518e4b44dfbb
  TwitterCore: 95c46af93112768a7983bd370d66023553601d01
  TwitterKit: dd8042698b0ff5bd3066fa919b3b2b50d8eed829

PODFILE CHECKSUM: 3fba659012b791f6bc2dff470f094992ba34e44b

COCOAPODS: 1.1.1
